
Microsoft Visual Studio Solution File, Format Version 12.00
# Visual Studio Version 17
VisualStudioVersion = 17.5.002.0
MinimumVisualStudioVersion = 10.0.40219.1
Project("{9A19103F-16F7-4668-BE54-9A1E7A4F7556}") = "SheElevate", "SheElevate.csproj", "{B42B0490-5075-4E39-A03D-9C353B73B5DA}"
EndProject
Global
	GlobalSection(SolutionConfigurationPlatforms) = preSolution
		Debug|Any CPU = Debug|Any CPU
		Release|Any CPU = Release|Any CPU
	EndGlobalSection
	GlobalSection(ProjectConfigurationPlatforms) = postSolution
		{B42B0490-5075-4E39-A03D-9C353B73B5DA}.Debug|Any CPU.ActiveCfg = Debug|Any CPU
		{B42B0490-5075-4E39-A03D-9C353B73B5DA}.Debug|Any CPU.Build.0 = Debug|Any CPU
		{B42B0490-5075-4E39-A03D-9C353B73B5DA}.Release|Any CPU.ActiveCfg = Release|Any CPU
		{B42B0490-5075-4E39-A03D-9C353B73B5DA}.Release|Any CPU.Build.0 = Release|Any CPU
	EndGlobalSection
	GlobalSection(SolutionProperties) = preSolution
		HideSolutionNode = FALSE
	EndGlobalSection
	GlobalSection(ExtensibilityGlobals) = postSolution
		SolutionGuid = {CF59BF64-B614-4BCD-8264-1D2E37FE73DC}
	EndGlobalSection
EndGlobal
